# @generated by Move, please check-in and do not edit manually.

[move]
version = 3
manifest_digest = "B1A0AF6CCAB2308B94EBCC6388556A4758F69D230CA861EFFDFE10108AE14AEC"
deps_digest = "F8BBB0CCB2491CA29A3DF03D6F92277A4F3574266507ACD77214D37ECA3F3082"
dependencies = [
  { id = "Sui", name = "Sui" },
]

[[move.package]]
id = "MoveStdlib"
source = { git = "https://github.com/MystenLabs/sui.git", rev = "framework/testnet", subdir = "crates\\sui-framework\\packages\\move-stdlib" }

[[move.package]]
id = "Sui"
source = { git = "https://github.com/MystenLabs/sui.git", rev = "framework/testnet", subdir = "crates/sui-framework/packages/sui-framework" }

dependencies = [
  { id = "MoveStdlib", name = "MoveStdlib" },
]

[move.toolchain-version]
compiler-version = "1.47.0"
edition = "2024.beta"
flavor = "sui"

[env]

[env.testnet]
chain-id = "4c78adac"
original-published-id = "0x8eea001d3bc800756d1fb0decbc6cd494f3da68dcf20df4df7eae9975db49699"
latest-published-id = "0x8eea001d3bc800756d1fb0decbc6cd494f3da68dcf20df4df7eae9975db49699"
published-version = "1"
